
Microsoft Visual Studio Solution File, Format Version 12.00
# Visual Studio Version 16
VisualStudioVersion = 16.0.29009.5
MinimumVisualStudioVersion = 10.0.40219.1
Project("{9A19103F-16F7-4668-BE54-9A1E7A4F7556}") = "Jp.Api.Management", "Backend\Jp.Api.Management\Jp.Api.Management.csproj", "{14A3F6B3-2B5B-43BF-A458-AA41F07365E4}"
EndProject
Project("{9A19103F-16F7-4668-BE54-9A1E7A4F7556}") = "Jp.UI.SSO", "Frontend\Jp.UI.SSO\Jp.UI.SSO.csproj", "{CF7B5562-179E-44EB-B7E3-7096698A46E7}"
EndProject
Project("{2150E333-8FDC-42A3-9474-1A3956D46DE8}") = "Tests", "Tests", "{5789F9D1-F2EB-471E-AAEE-CCE8EDFC050D}"
EndProject
Project("{9A19103F-16F7-4668-BE54-9A1E7A4F7556}") = "JPProject.Api.Management.Tests", "..\tests\JPProject.Api.Management.Tests\JPProject.Api.Management.Tests.csproj", "{A13A609B-A6A3-4022-8E9A-224432EA91A2}"
EndProject
Project("{2150E333-8FDC-42A3-9474-1A3956D46DE8}") = "infra", "infra", "{F0A75A3B-0C4F-4004-82E1-47CC655CF738}"
EndProject
Project("{9A19103F-16F7-4668-BE54-9A1E7A4F7556}") = "Jp.Database", "Backend\Jp.Database\Jp.Database.csproj", "{DBF2572B-C2F5-447D-9628-6220B5AD7C29}"
EndProject
Project("{9A19103F-16F7-4668-BE54-9A1E7A4F7556}") = "Jp.Ldap", "Backend\Jp.Ldap\Jp.Ldap.csproj", "{A34F01C1-EA17-46DC-8AA3-51A0C963B957}"
EndProject
Project("{2150E333-8FDC-42A3-9474-1A3956D46DE8}") = "Admin", "Admin", "{AE3E98DB-35C1-42D8-AB6D-DE37189DDAA1}"
EndProject
Project("{9A19103F-16F7-4668-BE54-9A1E7A4F7556}") = "JPProject.Admin.Domain", "..\..\JPProject.Core\src\Admin\JPProject.Admin.Domain\JPProject.Admin.Domain.csproj", "{906E381B-85D8-4AEC-9DD0-48F4117FDD9D}"
EndProject
Project("{9A19103F-16F7-4668-BE54-9A1E7A4F7556}") = "JPProject.Admin.Application", "..\..\JPProject.Core\src\Admin\JPProject.Admin.Application\JPProject.Admin.Application.csproj", "{8EA27390-8455-48EA-ABCB-881272BCE68A}"
EndProject
Project("{2150E333-8FDC-42A3-9474-1A3956D46DE8}") = "Tests", "Tests", "{35B84287-F2B3-49AA-8D4F-91D704B16944}"
EndProject
Project("{2150E333-8FDC-42A3-9474-1A3956D46DE8}") = "Core", "Core", "{646FA7CC-2163-4874-97BF-FDEF78EA6480}"
EndProject
Project("{9A19103F-16F7-4668-BE54-9A1E7A4F7556}") = "JPProject.Domain.Core", "..\..\JPProject.Core\src\Core\JPProject.Domain.Core\JPProject.Domain.Core.csproj", "{AACA0B97-CFE8-41C8-BDAC-876B0787833C}"
EndProject
Project("{9A19103F-16F7-4668-BE54-9A1E7A4F7556}") = "JPProject.AspNet.Core", "..\..\JPProject.Core\src\Core\JPProject.AspNet.Core\JPProject.AspNet.Core.csproj", "{30D24364-ABEA-4360-A1C6-16F7C6C3C347}"
EndProject
Project("{9A19103F-16F7-4668-BE54-9A1E7A4F7556}") = "JPProject.Admin.IntegrationTests", "..\..\JPProject.Core\tests\JPProject.IntegrationTests\JPProject.Admin.IntegrationTests.csproj", "{B1E863CE-0911-4769-82FF-581C3DBF071A}"
EndProject
Project("{9A19103F-16F7-4668-BE54-9A1E7A4F7556}") = "JPProject.EntityFrameworkCore", "..\..\JPProject.Core\src\Core\JPProject.EntityFrameworkCore\JPProject.EntityFrameworkCore.csproj", "{555B2CE0-70B6-438C-AA10-A00CA2BE20A1}"
EndProject
Project("{2150E333-8FDC-42A3-9474-1A3956D46DE8}") = "SSO", "SSO", "{B2CDA986-2A3E-435D-8198-AB8B2166AADA}"
EndProject
Project("{9A19103F-16F7-4668-BE54-9A1E7A4F7556}") = "JPProject.Sso.Domain", "..\..\JPProject.Core\src\SSO\JPProject.Sso.Domain\JPProject.Sso.Domain.csproj", "{BB341E6D-8A31-453C-83F7-D66641275CB8}"
EndProject
Project("{9A19103F-16F7-4668-BE54-9A1E7A4F7556}") = "JPProject.Sso.Application", "..\..\JPProject.Core\src\SSO\JPProject.Sso.Application\JPProject.Sso.Application.csproj", "{1F5E5F6E-4FCC-4C9D-8C84-300138EFAA8E}"
EndProject
Project("{2150E333-8FDC-42A3-9474-1A3956D46DE8}") = "Tests", "Tests", "{F74B17DD-CF3C-4E61-A5E7-4B5D43E53F5F}"
EndProject
Project("{9A19103F-16F7-4668-BE54-9A1E7A4F7556}") = "JPProject.Sso.Domain.Tests", "..\..\JPProject.Core\tests\JPProject.Sso.Domain.Tests\JPProject.Sso.Domain.Tests.csproj", "{497A1CB7-7E09-4154-9EE9-7EC4196A0CF4}"
EndProject
Project("{9A19103F-16F7-4668-BE54-9A1E7A4F7556}") = "JPProject.Admin.Domain.Tests", "..\..\JPProject.Core\tests\JPProject.Admin.Domain.Tests\JPProject.Admin.Domain.Tests.csproj", "{0273B5DA-C1C1-475D-9E1D-F6608B11EC0D}"
EndProject
Project("{9A19103F-16F7-4668-BE54-9A1E7A4F7556}") = "JPProject.Sso.Integration.Tests", "..\..\JPProject.Core\tests\JPProject.Sso.Integration.Tests\JPProject.Sso.Integration.Tests.csproj", "{40E1F9A3-1BBB-45B0-ACB8-A56BD06AEA6A}"
EndProject
Project("{9A19103F-16F7-4668-BE54-9A1E7A4F7556}") = "JPProject.Sso.Fakers.Test", "..\..\JPProject.Core\tests\JPProject.Sso.Fakers.Test\JPProject.Sso.Fakers.Test.csproj", "{9ED82769-F8B2-4538-A9A9-952818D3A346}"
EndProject
Project("{9A19103F-16F7-4668-BE54-9A1E7A4F7556}") = "SSO.host", "..\..\JPProject.Core\tests\SSO.host\SSO.host.csproj", "{A35323A6-4567-4DEE-B019-92A84AD68FF3}"
EndProject
Project("{9A19103F-16F7-4668-BE54-9A1E7A4F7556}") = "Admin.host", "..\..\JPProject.Core\tests\Admin.host\Admin.host.csproj", "{696E5BE9-2ED8-4831-972E-0E74EA6CFC36}"
EndProject
Project("{9A19103F-16F7-4668-BE54-9A1E7A4F7556}") = "JPProject.Admin.Fakers.Test", "..\..\JPProject.Core\tests\JPProject.Admin.Fakers.Test\JPProject.Admin.Fakers.Test.csproj", "{1E379552-C1F7-43DF-9FA5-69BC6DD3CC24}"
EndProject
Project("{9A19103F-16F7-4668-BE54-9A1E7A4F7556}") = "JPProject.Sso.AspNetIdentity", "..\..\JPProject.Core\src\SSO\JPProject.Sso.AspNetIdentity\JPProject.Sso.AspNetIdentity.csproj", "{321412B8-8227-49ED-9B46-CD358961BAD1}"
EndProject
Project("{9A19103F-16F7-4668-BE54-9A1E7A4F7556}") = "JPProject.Sso.EntityFramework.Repository", "..\..\JPProject.Core\src\SSO\JPProject.Sso.EntityFramework.Repository\JPProject.Sso.EntityFramework.Repository.csproj", "{538CA298-944A-4000-8AD1-B09B1B5523CD}"
EndProject
Project("{9A19103F-16F7-4668-BE54-9A1E7A4F7556}") = "JPProject.Admin.EntityFramework.Repository", "..\..\JPProject.Core\src\Admin\JPProject.Admin.EntityFramework.Repository\JPProject.Admin.EntityFramework.Repository.csproj", "{AC2D44E1-7AAE-4A76-B417-7ACDC1EA1C87}"
EndProject
Project("{9A19103F-16F7-4668-BE54-9A1E7A4F7556}") = "Bk.Auth.Events", "Bk.Auth.Events\Bk.Auth.Events.csproj", "{9B9C4841-6474-4B74-AD5A-E7753483ACA1}"
EndProject
Project("{9A19103F-16F7-4668-BE54-9A1E7A4F7556}") = "Bk.Rebus.EventBus", "..\..\..\repos\Bk.Common\Bk.Rebus.EventBus\Bk.Rebus.EventBus.csproj", "{740ED01D-680F-4755-B248-544F31B60E75}"
EndProject
Global
	GlobalSection(SolutionConfigurationPlatforms) = preSolution
		Debug|Any CPU = Debug|Any CPU
		Release|Any CPU = Release|Any CPU
	EndGlobalSection
	GlobalSection(ProjectConfigurationPlatforms) = postSolution
		{14A3F6B3-2B5B-43BF-A458-AA41F07365E4}.Debug|Any CPU.ActiveCfg = Debug|Any CPU
		{14A3F6B3-2B5B-43BF-A458-AA41F07365E4}.Debug|Any CPU.Build.0 = Debug|Any CPU
		{14A3F6B3-2B5B-43BF-A458-AA41F07365E4}.Release|Any CPU.ActiveCfg = Release|Any CPU
		{14A3F6B3-2B5B-43BF-A458-AA41F07365E4}.Release|Any CPU.Build.0 = Release|Any CPU
		{CF7B5562-179E-44EB-B7E3-7096698A46E7}.Debug|Any CPU.ActiveCfg = Debug|Any CPU
		{CF7B5562-179E-44EB-B7E3-7096698A46E7}.Debug|Any CPU.Build.0 = Debug|Any CPU
		{CF7B5562-179E-44EB-B7E3-7096698A46E7}.Release|Any CPU.ActiveCfg = Release|Any CPU
		{CF7B5562-179E-44EB-B7E3-7096698A46E7}.Release|Any CPU.Build.0 = Release|Any CPU
		{A13A609B-A6A3-4022-8E9A-224432EA91A2}.Debug|Any CPU.ActiveCfg = Debug|Any CPU
		{A13A609B-A6A3-4022-8E9A-224432EA91A2}.Debug|Any CPU.Build.0 = Debug|Any CPU
		{A13A609B-A6A3-4022-8E9A-224432EA91A2}.Release|Any CPU.ActiveCfg = Release|Any CPU
		{A13A609B-A6A3-4022-8E9A-224432EA91A2}.Release|Any CPU.Build.0 = Release|Any CPU
		{DBF2572B-C2F5-447D-9628-6220B5AD7C29}.Debug|Any CPU.ActiveCfg = Debug|Any CPU
		{DBF2572B-C2F5-447D-9628-6220B5AD7C29}.Debug|Any CPU.Build.0 = Debug|Any CPU
		{DBF2572B-C2F5-447D-9628-6220B5AD7C29}.Release|Any CPU.ActiveCfg = Release|Any CPU
		{DBF2572B-C2F5-447D-9628-6220B5AD7C29}.Release|Any CPU.Build.0 = Release|Any CPU
		{A34F01C1-EA17-46DC-8AA3-51A0C963B957}.Debug|Any CPU.ActiveCfg = Debug|Any CPU
		{A34F01C1-EA17-46DC-8AA3-51A0C963B957}.Debug|Any CPU.Build.0 = Debug|Any CPU
		{A34F01C1-EA17-46DC-8AA3-51A0C963B957}.Release|Any CPU.ActiveCfg = Release|Any CPU
		{A34F01C1-EA17-46DC-8AA3-51A0C963B957}.Release|Any CPU.Build.0 = Release|Any CPU
		{906E381B-85D8-4AEC-9DD0-48F4117FDD9D}.Debug|Any CPU.ActiveCfg = Debug|Any CPU
		{906E381B-85D8-4AEC-9DD0-48F4117FDD9D}.Debug|Any CPU.Build.0 = Debug|Any CPU
		{906E381B-85D8-4AEC-9DD0-48F4117FDD9D}.Release|Any CPU.ActiveCfg = Release|Any CPU
		{906E381B-85D8-4AEC-9DD0-48F4117FDD9D}.Release|Any CPU.Build.0 = Release|Any CPU
		{8EA27390-8455-48EA-ABCB-881272BCE68A}.Debug|Any CPU.ActiveCfg = Debug|Any CPU
		{8EA27390-8455-48EA-ABCB-881272BCE68A}.Debug|Any CPU.Build.0 = Debug|Any CPU
		{8EA27390-8455-48EA-ABCB-881272BCE68A}.Release|Any CPU.ActiveCfg = Release|Any CPU
		{8EA27390-8455-48EA-ABCB-881272BCE68A}.Release|Any CPU.Build.0 = Release|Any CPU
		{AACA0B97-CFE8-41C8-BDAC-876B0787833C}.Debug|Any CPU.ActiveCfg = Debug|Any CPU
		{AACA0B97-CFE8-41C8-BDAC-876B0787833C}.Debug|Any CPU.Build.0 = Debug|Any CPU
		{AACA0B97-CFE8-41C8-BDAC-876B0787833C}.Release|Any CPU.ActiveCfg = Release|Any CPU
		{AACA0B97-CFE8-41C8-BDAC-876B0787833C}.Release|Any CPU.Build.0 = Release|Any CPU
		{30D24364-ABEA-4360-A1C6-16F7C6C3C347}.Debug|Any CPU.ActiveCfg = Debug|Any CPU
		{30D24364-ABEA-4360-A1C6-16F7C6C3C347}.Debug|Any CPU.Build.0 = Debug|Any CPU
		{30D24364-ABEA-4360-A1C6-16F7C6C3C347}.Release|Any CPU.ActiveCfg = Release|Any CPU
		{30D24364-ABEA-4360-A1C6-16F7C6C3C347}.Release|Any CPU.Build.0 = Release|Any CPU
		{B1E863CE-0911-4769-82FF-581C3DBF071A}.Debug|Any CPU.ActiveCfg = Debug|Any CPU
		{B1E863CE-0911-4769-82FF-581C3DBF071A}.Debug|Any CPU.Build.0 = Debug|Any CPU
		{B1E863CE-0911-4769-82FF-581C3DBF071A}.Release|Any CPU.ActiveCfg = Release|Any CPU
		{B1E863CE-0911-4769-82FF-581C3DBF071A}.Release|Any CPU.Build.0 = Release|Any CPU
		{555B2CE0-70B6-438C-AA10-A00CA2BE20A1}.Debug|Any CPU.ActiveCfg = Debug|Any CPU
		{555B2CE0-70B6-438C-AA10-A00CA2BE20A1}.Debug|Any CPU.Build.0 = Debug|Any CPU
		{555B2CE0-70B6-438C-AA10-A00CA2BE20A1}.Release|Any CPU.ActiveCfg = Release|Any CPU
		{555B2CE0-70B6-438C-AA10-A00CA2BE20A1}.Release|Any CPU.Build.0 = Release|Any CPU
		{BB341E6D-8A31-453C-83F7-D66641275CB8}.Debug|Any CPU.ActiveCfg = Debug|Any CPU
		{BB341E6D-8A31-453C-83F7-D66641275CB8}.Debug|Any CPU.Build.0 = Debug|Any CPU
		{BB341E6D-8A31-453C-83F7-D66641275CB8}.Release|Any CPU.ActiveCfg = Release|Any CPU
		{BB341E6D-8A31-453C-83F7-D66641275CB8}.Release|Any CPU.Build.0 = Release|Any CPU
		{1F5E5F6E-4FCC-4C9D-8C84-300138EFAA8E}.Debug|Any CPU.ActiveCfg = Debug|Any CPU
		{1F5E5F6E-4FCC-4C9D-8C84-300138EFAA8E}.Debug|Any CPU.Build.0 = Debug|Any CPU
		{1F5E5F6E-4FCC-4C9D-8C84-300138EFAA8E}.Release|Any CPU.ActiveCfg = Release|Any CPU
		{1F5E5F6E-4FCC-4C9D-8C84-300138EFAA8E}.Release|Any CPU.Build.0 = Release|Any CPU
		{497A1CB7-7E09-4154-9EE9-7EC4196A0CF4}.Debug|Any CPU.ActiveCfg = Debug|Any CPU
		{497A1CB7-7E09-4154-9EE9-7EC4196A0CF4}.Debug|Any CPU.Build.0 = Debug|Any CPU
		{497A1CB7-7E09-4154-9EE9-7EC4196A0CF4}.Release|Any CPU.ActiveCfg = Release|Any CPU
		{497A1CB7-7E09-4154-9EE9-7EC4196A0CF4}.Release|Any CPU.Build.0 = Release|Any CPU
		{0273B5DA-C1C1-475D-9E1D-F6608B11EC0D}.Debug|Any CPU.ActiveCfg = Debug|Any CPU
		{0273B5DA-C1C1-475D-9E1D-F6608B11EC0D}.Debug|Any CPU.Build.0 = Debug|Any CPU
		{0273B5DA-C1C1-475D-9E1D-F6608B11EC0D}.Release|Any CPU.ActiveCfg = Release|Any CPU
		{0273B5DA-C1C1-475D-9E1D-F6608B11EC0D}.Release|Any CPU.Build.0 = Release|Any CPU
		{40E1F9A3-1BBB-45B0-ACB8-A56BD06AEA6A}.Debug|Any CPU.ActiveCfg = Debug|Any CPU
		{40E1F9A3-1BBB-45B0-ACB8-A56BD06AEA6A}.Debug|Any CPU.Build.0 = Debug|Any CPU
		{40E1F9A3-1BBB-45B0-ACB8-A56BD06AEA6A}.Release|Any CPU.ActiveCfg = Release|Any CPU
		{40E1F9A3-1BBB-45B0-ACB8-A56BD06AEA6A}.Release|Any CPU.Build.0 = Release|Any CPU
		{9ED82769-F8B2-4538-A9A9-952818D3A346}.Debug|Any CPU.ActiveCfg = Debug|Any CPU
		{9ED82769-F8B2-4538-A9A9-952818D3A346}.Debug|Any CPU.Build.0 = Debug|Any CPU
		{9ED82769-F8B2-4538-A9A9-952818D3A346}.Release|Any CPU.ActiveCfg = Release|Any CPU
		{9ED82769-F8B2-4538-A9A9-952818D3A346}.Release|Any CPU.Build.0 = Release|Any CPU
		{A35323A6-4567-4DEE-B019-92A84AD68FF3}.Debug|Any CPU.ActiveCfg = Debug|Any CPU
		{A35323A6-4567-4DEE-B019-92A84AD68FF3}.Debug|Any CPU.Build.0 = Debug|Any CPU
		{A35323A6-4567-4DEE-B019-92A84AD68FF3}.Release|Any CPU.ActiveCfg = Release|Any CPU
		{A35323A6-4567-4DEE-B019-92A84AD68FF3}.Release|Any CPU.Build.0 = Release|Any CPU
		{696E5BE9-2ED8-4831-972E-0E74EA6CFC36}.Debug|Any CPU.ActiveCfg = Debug|Any CPU
		{696E5BE9-2ED8-4831-972E-0E74EA6CFC36}.Debug|Any CPU.Build.0 = Debug|Any CPU
		{696E5BE9-2ED8-4831-972E-0E74EA6CFC36}.Release|Any CPU.ActiveCfg = Release|Any CPU
		{696E5BE9-2ED8-4831-972E-0E74EA6CFC36}.Release|Any CPU.Build.0 = Release|Any CPU
		{1E379552-C1F7-43DF-9FA5-69BC6DD3CC24}.Debug|Any CPU.ActiveCfg = Debug|Any CPU
		{1E379552-C1F7-43DF-9FA5-69BC6DD3CC24}.Debug|Any CPU.Build.0 = Debug|Any CPU
		{1E379552-C1F7-43DF-9FA5-69BC6DD3CC24}.Release|Any CPU.ActiveCfg = Release|Any CPU
		{1E379552-C1F7-43DF-9FA5-69BC6DD3CC24}.Release|Any CPU.Build.0 = Release|Any CPU
		{321412B8-8227-49ED-9B46-CD358961BAD1}.Debug|Any CPU.ActiveCfg = Debug|Any CPU
		{321412B8-8227-49ED-9B46-CD358961BAD1}.Debug|Any CPU.Build.0 = Debug|Any CPU
		{321412B8-8227-49ED-9B46-CD358961BAD1}.Release|Any CPU.ActiveCfg = Release|Any CPU
		{321412B8-8227-49ED-9B46-CD358961BAD1}.Release|Any CPU.Build.0 = Release|Any CPU
		{538CA298-944A-4000-8AD1-B09B1B5523CD}.Debug|Any CPU.ActiveCfg = Debug|Any CPU
		{538CA298-944A-4000-8AD1-B09B1B5523CD}.Debug|Any CPU.Build.0 = Debug|Any CPU
		{538CA298-944A-4000-8AD1-B09B1B5523CD}.Release|Any CPU.ActiveCfg = Release|Any CPU
		{538CA298-944A-4000-8AD1-B09B1B5523CD}.Release|Any CPU.Build.0 = Release|Any CPU
		{AC2D44E1-7AAE-4A76-B417-7ACDC1EA1C87}.Debug|Any CPU.ActiveCfg = Debug|Any CPU
		{AC2D44E1-7AAE-4A76-B417-7ACDC1EA1C87}.Debug|Any CPU.Build.0 = Debug|Any CPU
		{AC2D44E1-7AAE-4A76-B417-7ACDC1EA1C87}.Release|Any CPU.ActiveCfg = Release|Any CPU
		{AC2D44E1-7AAE-4A76-B417-7ACDC1EA1C87}.Release|Any CPU.Build.0 = Release|Any CPU
		{9B9C4841-6474-4B74-AD5A-E7753483ACA1}.Debug|Any CPU.ActiveCfg = Debug|Any CPU
		{9B9C4841-6474-4B74-AD5A-E7753483ACA1}.Debug|Any CPU.Build.0 = Debug|Any CPU
		{9B9C4841-6474-4B74-AD5A-E7753483ACA1}.Release|Any CPU.ActiveCfg = Release|Any CPU
		{9B9C4841-6474-4B74-AD5A-E7753483ACA1}.Release|Any CPU.Build.0 = Release|Any CPU
		{740ED01D-680F-4755-B248-544F31B60E75}.Debug|Any CPU.ActiveCfg = Debug|Any CPU
		{740ED01D-680F-4755-B248-544F31B60E75}.Debug|Any CPU.Build.0 = Debug|Any CPU
		{740ED01D-680F-4755-B248-544F31B60E75}.Release|Any CPU.ActiveCfg = Release|Any CPU
		{740ED01D-680F-4755-B248-544F31B60E75}.Release|Any CPU.Build.0 = Release|Any CPU
	EndGlobalSection
	GlobalSection(SolutionProperties) = preSolution
		HideSolutionNode = FALSE
	EndGlobalSection
	GlobalSection(NestedProjects) = preSolution
		{A13A609B-A6A3-4022-8E9A-224432EA91A2} = {5789F9D1-F2EB-471E-AAEE-CCE8EDFC050D}
		{DBF2572B-C2F5-447D-9628-6220B5AD7C29} = {F0A75A3B-0C4F-4004-82E1-47CC655CF738}
		{A34F01C1-EA17-46DC-8AA3-51A0C963B957} = {F0A75A3B-0C4F-4004-82E1-47CC655CF738}
		{906E381B-85D8-4AEC-9DD0-48F4117FDD9D} = {AE3E98DB-35C1-42D8-AB6D-DE37189DDAA1}
		{8EA27390-8455-48EA-ABCB-881272BCE68A} = {AE3E98DB-35C1-42D8-AB6D-DE37189DDAA1}
		{35B84287-F2B3-49AA-8D4F-91D704B16944} = {AE3E98DB-35C1-42D8-AB6D-DE37189DDAA1}
		{AACA0B97-CFE8-41C8-BDAC-876B0787833C} = {646FA7CC-2163-4874-97BF-FDEF78EA6480}
		{30D24364-ABEA-4360-A1C6-16F7C6C3C347} = {646FA7CC-2163-4874-97BF-FDEF78EA6480}
		{B1E863CE-0911-4769-82FF-581C3DBF071A} = {35B84287-F2B3-49AA-8D4F-91D704B16944}
		{555B2CE0-70B6-438C-AA10-A00CA2BE20A1} = {646FA7CC-2163-4874-97BF-FDEF78EA6480}
		{BB341E6D-8A31-453C-83F7-D66641275CB8} = {B2CDA986-2A3E-435D-8198-AB8B2166AADA}
		{1F5E5F6E-4FCC-4C9D-8C84-300138EFAA8E} = {B2CDA986-2A3E-435D-8198-AB8B2166AADA}
		{F74B17DD-CF3C-4E61-A5E7-4B5D43E53F5F} = {B2CDA986-2A3E-435D-8198-AB8B2166AADA}
		{497A1CB7-7E09-4154-9EE9-7EC4196A0CF4} = {F74B17DD-CF3C-4E61-A5E7-4B5D43E53F5F}
		{0273B5DA-C1C1-475D-9E1D-F6608B11EC0D} = {35B84287-F2B3-49AA-8D4F-91D704B16944}
		{40E1F9A3-1BBB-45B0-ACB8-A56BD06AEA6A} = {F74B17DD-CF3C-4E61-A5E7-4B5D43E53F5F}
		{9ED82769-F8B2-4538-A9A9-952818D3A346} = {F74B17DD-CF3C-4E61-A5E7-4B5D43E53F5F}
		{A35323A6-4567-4DEE-B019-92A84AD68FF3} = {F74B17DD-CF3C-4E61-A5E7-4B5D43E53F5F}
		{696E5BE9-2ED8-4831-972E-0E74EA6CFC36} = {35B84287-F2B3-49AA-8D4F-91D704B16944}
		{1E379552-C1F7-43DF-9FA5-69BC6DD3CC24} = {35B84287-F2B3-49AA-8D4F-91D704B16944}
		{321412B8-8227-49ED-9B46-CD358961BAD1} = {B2CDA986-2A3E-435D-8198-AB8B2166AADA}
		{538CA298-944A-4000-8AD1-B09B1B5523CD} = {B2CDA986-2A3E-435D-8198-AB8B2166AADA}
		{AC2D44E1-7AAE-4A76-B417-7ACDC1EA1C87} = {AE3E98DB-35C1-42D8-AB6D-DE37189DDAA1}
	EndGlobalSection
	GlobalSection(ExtensibilityGlobals) = postSolution
		SolutionGuid = {F62CA078-A991-4001-A117-1F2726248D4F}
	EndGlobalSection
EndGlobal
